
Microsoft Visual Studio Solution File, Format Version 12.00
# Visual Studio Version 16
VisualStudioVersion = 16.0.30413.136
MinimumVisualStudioVersion = 10.0.40219.1
Project("{FAE04EC0-301F-11D3-BF4B-00C04F79EFBC}") = "bottelega", "bottelega.csproj", "{A9292EE6-ED55-41E9-A814-31287CB06F7E}"
EndProject
Global
	GlobalSection(SolutionConfigurationPlatforms) = preSolution
		Debug|Any CPU = Debug|Any CPU
		Release|Any CPU = Release|Any CPU
	EndGlobalSection
	GlobalSection(ProjectConfigurationPlatforms) = postSolution
		{A9292EE6-ED55-41E9-A814-31287CB06F7E}.Debug|Any CPU.ActiveCfg = Debug|Any CPU
		{A9292EE6-ED55-41E9-A814-31287CB06F7E}.Debug|Any CPU.Build.0 = Debug|Any CPU
		{A9292EE6-ED55-41E9-A814-31287CB06F7E}.Release|Any CPU.ActiveCfg = Release|Any CPU
		{A9292EE6-ED55-41E9-A814-31287CB06F7E}.Release|Any CPU.Build.0 = Release|Any CPU
	EndGlobalSection
	GlobalSection(SolutionProperties) = preSolution
		HideSolutionNode = FALSE
	EndGlobalSection
	GlobalSection(ExtensibilityGlobals) = postSolution
		SolutionGuid = {28C410EE-6DFA-4048-ADC2-79527AD4FCB4}
	EndGlobalSection
EndGlobal
